{
  "name": "coc-gitmoji",
  "version": "1.0.0",
  "lockfileVersion": 1,
  "requires": true,
  "dependencies": {
    "coc.nvim": {
      "version": "0.0.80",
      "resolved": "https://registry.npmjs.org/coc.nvim/-/coc.nvim-0.0.80.tgz",
      "integrity": "sha512-/3vTcnofoAYMrdENrlQmADTzfXX4+PZ0fiM10a39UA37dTR2dpIGi9O469kcIksuunLjToqWG8S45AGx/9wV7g=="
    }
  }
}
